
Microsoft Visual Studio Solution File, Format Version 12.00
# Visual Studio Version 17
VisualStudioVersion = 17.8.34511.84
MinimumVisualStudioVersion = 10.0.40219.1
Project("{9A19103F-16F7-4668-BE54-9A1E7A4F7556}") = "TriviaApp", "TheTriviaLink\TriviaApp.csproj", "{53EB1E85-0C3C-4D11-827E-1EA29D64E99D}"
EndProject
Project("{9A19103F-16F7-4668-BE54-9A1E7A4F7556}") = "DataAccess", "DataAccess\DataAccess.csproj", "{E7BA563E-E310-47FA-AB29-90369C4CD280}"
EndProject
Project("{9A19103F-16F7-4668-BE54-9A1E7A4F7556}") = "DataTransfer", "DataTransfer\DataTransfer.csproj", "{4DA91D38-E18F-4916-8257-8C20ECA49443}"
EndProject
Project("{9A19103F-16F7-4668-BE54-9A1E7A4F7556}") = "TheTriviaLink.Tests", "TheTriviaLink.Tests\TheTriviaLink.Tests.csproj", "{9DC5B103-C077-4BBC-9817-D9C1C84178F0}"
EndProject
Global
	GlobalSection(SolutionConfigurationPlatforms) = preSolution
		Debug|Any CPU = Debug|Any CPU
		Release|Any CPU = Release|Any CPU
	EndGlobalSection
	GlobalSection(ProjectConfigurationPlatforms) = postSolution
		{53EB1E85-0C3C-4D11-827E-1EA29D64E99D}.Debug|Any CPU.ActiveCfg = Debug|Any CPU
		{53EB1E85-0C3C-4D11-827E-1EA29D64E99D}.Debug|Any CPU.Build.0 = Debug|Any CPU
		{53EB1E85-0C3C-4D11-827E-1EA29D64E99D}.Release|Any CPU.ActiveCfg = Release|Any CPU
		{53EB1E85-0C3C-4D11-827E-1EA29D64E99D}.Release|Any CPU.Build.0 = Release|Any CPU
		{E7BA563E-E310-47FA-AB29-90369C4CD280}.Debug|Any CPU.ActiveCfg = Debug|Any CPU
		{E7BA563E-E310-47FA-AB29-90369C4CD280}.Debug|Any CPU.Build.0 = Debug|Any CPU
		{E7BA563E-E310-47FA-AB29-90369C4CD280}.Release|Any CPU.ActiveCfg = Release|Any CPU
		{E7BA563E-E310-47FA-AB29-90369C4CD280}.Release|Any CPU.Build.0 = Release|Any CPU
		{4DA91D38-E18F-4916-8257-8C20ECA49443}.Debug|Any CPU.ActiveCfg = Debug|Any CPU
		{4DA91D38-E18F-4916-8257-8C20ECA49443}.Debug|Any CPU.Build.0 = Debug|Any CPU
		{4DA91D38-E18F-4916-8257-8C20ECA49443}.Release|Any CPU.ActiveCfg = Release|Any CPU
		{4DA91D38-E18F-4916-8257-8C20ECA49443}.Release|Any CPU.Build.0 = Release|Any CPU
		{9DC5B103-C077-4BBC-9817-D9C1C84178F0}.Debug|Any CPU.ActiveCfg = Debug|Any CPU
		{9DC5B103-C077-4BBC-9817-D9C1C84178F0}.Debug|Any CPU.Build.0 = Debug|Any CPU
		{9DC5B103-C077-4BBC-9817-D9C1C84178F0}.Release|Any CPU.ActiveCfg = Release|Any CPU
		{9DC5B103-C077-4BBC-9817-D9C1C84178F0}.Release|Any CPU.Build.0 = Release|Any CPU
	EndGlobalSection
	GlobalSection(SolutionProperties) = preSolution
		HideSolutionNode = FALSE
	EndGlobalSection
	GlobalSection(ExtensibilityGlobals) = postSolution
		SolutionGuid = {8ACE523B-7E31-4B56-94F4-0E5D4202E4E0}
	EndGlobalSection
EndGlobal
